
Microsoft Visual Studio Solution File, Format Version 12.00
# Visual Studio Version 16
VisualStudioVersion = 16.0.31613.86
MinimumVisualStudioVersion = 10.0.40219.1
Project("{8BC9CEB8-8B4A-11D0-8D11-00A0C91BC942}") = "Sandbox", "Sandbox\Sandbox.vcxproj", "{E1731B60-A695-4C71-9C9B-A6790FB2FCC7}"
EndProject
Project("{8BC9CEB8-8B4A-11D0-8D11-00A0C91BC942}") = "Hazel", "Hazel\Hazel.vcxproj", "{CA63261E-253B-4D25-B961-6AB401711C43}"
EndProject
Global
	GlobalSection(SolutionConfigurationPlatforms) = preSolution
		Debug|x64 = Debug|x64
		Release|x64 = Release|x64
	EndGlobalSection
	GlobalSection(ProjectConfigurationPlatforms) = postSolution
		{CA63261E-253B-4D25-B961-6AB401711C43}.Debug|x64.ActiveCfg = Debug|x64
		{CA63261E-253B-4D25-B961-6AB401711C43}.Debug|x64.Build.0 = Debug|x64
		{CA63261E-253B-4D25-B961-6AB401711C43}.Release|x64.ActiveCfg = Release|x64
		{CA63261E-253B-4D25-B961-6AB401711C43}.Release|x64.Build.0 = Release|x64
		{E1731B60-A695-4C71-9C9B-A6790FB2FCC7}.Debug|x64.ActiveCfg = Debug|x64
		{E1731B60-A695-4C71-9C9B-A6790FB2FCC7}.Debug|x64.Build.0 = Debug|x64
		{E1731B60-A695-4C71-9C9B-A6790FB2FCC7}.Release|x64.ActiveCfg = Release|x64
		{E1731B60-A695-4C71-9C9B-A6790FB2FCC7}.Release|x64.Build.0 = Release|x64
	EndGlobalSection
	GlobalSection(SolutionProperties) = preSolution
		HideSolutionNode = FALSE
	EndGlobalSection
	GlobalSection(ExtensibilityGlobals) = postSolution
		SolutionGuid = {2E280DA0-44EF-4050-ACB9-DD7D66B62668}
	EndGlobalSection
EndGlobal
